
Microsoft Visual Studio Solution File, Format Version 12.00
# Visual Studio 15
VisualStudioVersion = 15.0.26711.1
MinimumVisualStudioVersion = 10.0.40219.1
Project("{FAE04EC0-301F-11D3-BF4B-00C04F79EFBC}") = "Wordoo.Containerized", "Wordoo.Containerized\Wordoo.Containerized.csproj", "{EFEEC313-01ED-451B-ACE2-C6773225D57F}"
EndProject
Project("{E53339B2-1760-4266-BCC7-CA923CBCF16C}") = "docker-compose", "docker-compose.dcproj", "{16763D66-35F5-4B24-BA4E-3D9F4F7AFE0B}"
EndProject
Project("{FAE04EC0-301F-11D3-BF4B-00C04F79EFBC}") = "Wordoo.Engine", "Wordoo.Engine\Wordoo.Engine.csproj", "{398510A3-04F5-4DB4-B0F0-8DBB849E548E}"
EndProject
Global
	GlobalSection(SolutionConfigurationPlatforms) = preSolution
		Debug|Any CPU = Debug|Any CPU
		Release|Any CPU = Release|Any CPU
	EndGlobalSection
	GlobalSection(ProjectConfigurationPlatforms) = postSolution
		{EFEEC313-01ED-451B-ACE2-C6773225D57F}.Debug|Any CPU.ActiveCfg = Debug|Any CPU
		{EFEEC313-01ED-451B-ACE2-C6773225D57F}.Debug|Any CPU.Build.0 = Debug|Any CPU
		{EFEEC313-01ED-451B-ACE2-C6773225D57F}.Release|Any CPU.ActiveCfg = Release|Any CPU
		{EFEEC313-01ED-451B-ACE2-C6773225D57F}.Release|Any CPU.Build.0 = Release|Any CPU
		{16763D66-35F5-4B24-BA4E-3D9F4F7AFE0B}.Debug|Any CPU.ActiveCfg = Debug|Any CPU
		{16763D66-35F5-4B24-BA4E-3D9F4F7AFE0B}.Debug|Any CPU.Build.0 = Debug|Any CPU
		{16763D66-35F5-4B24-BA4E-3D9F4F7AFE0B}.Release|Any CPU.ActiveCfg = Release|Any CPU
		{16763D66-35F5-4B24-BA4E-3D9F4F7AFE0B}.Release|Any CPU.Build.0 = Release|Any CPU
		{398510A3-04F5-4DB4-B0F0-8DBB849E548E}.Debug|Any CPU.ActiveCfg = Debug|Any CPU
		{398510A3-04F5-4DB4-B0F0-8DBB849E548E}.Debug|Any CPU.Build.0 = Debug|Any CPU
		{398510A3-04F5-4DB4-B0F0-8DBB849E548E}.Release|Any CPU.ActiveCfg = Release|Any CPU
		{398510A3-04F5-4DB4-B0F0-8DBB849E548E}.Release|Any CPU.Build.0 = Release|Any CPU
	EndGlobalSection
	GlobalSection(SolutionProperties) = preSolution
		HideSolutionNode = FALSE
	EndGlobalSection
	GlobalSection(ExtensibilityGlobals) = postSolution
		SolutionGuid = {057872E8-7962-4224-BE1B-70F8BB902D45}
	EndGlobalSection
EndGlobal
